// !$*UTF8*$!
{
	archiveVersion = 1;
	classes = {
	};
	objectVersion = 46;
	objects = {

/* Begin PBXBuildFile section */
		D00CE39E1CAD82B800C30686 /* main.m in Sources */ = {isa = PBXBuildFile; fileRef = D00CE39D1CAD82B800C30686 /* main.m */; };
		D00CE3A11CAD82B800C30686 /* AppDelegate.m in Sources */ = {isa = PBXBuildFile; fileRef = D00CE3A01CAD82B800C30686 /* AppDelegate.m */; };
		D00CE3A41CAD82B800C30686 /* DetectViewController.m in Sources */ = {isa = PBXBuildFile; fileRef = D00CE3A31CAD82B800C30686 /* DetectViewController.m */; };
		D00CE3A71CAD82B800C30686 /* Main.storyboard in Resources */ = {isa = PBXBuildFile; fileRef = D00CE3A51CAD82B800C30686 /* Main.storyboard */; };
		D00CE3AA1CAD82B800C30686 /* Beacon_Toolkit.xcdatamodeld in Sources */ = {isa = PBXBuildFile; fileRef = D00CE3A81CAD82B800C30686 /* Beacon_Toolkit.xcdatamodeld */; };
		D00CE3AC1CAD82B800C30686 /* Assets.xcassets in Resources */ = {isa = PBXBuildFile; fileRef = D00CE3AB1CAD82B800C30686 /* Assets.xcassets */; };
		D00CE3AF1CAD82B800C30686 /* LaunchScreen.storyboard in Resources */ = {isa = PBXBuildFile; fileRef = D00CE3AD1CAD82B800C30686 /* LaunchScreen.storyboard */; };
		D00CE3BA1CAD82B800C30686 /* Beacon_ToolkitTests.m in Sources */ = {isa = PBXBuildFile; fileRef = D00CE3B91CAD82B800C30686 /* Beacon_ToolkitTests.m */; };
		D00CE3C51CAD82B800C30686 /* Beacon_ToolkitUITests.m in Sources */ = {isa = PBXBuildFile; fileRef = D00CE3C41CAD82B800C30686 /* Beacon_ToolkitUITests.m */; };
		D00CE3D31CAD836C00C30686 /* CoreLocation.framework in Frameworks */ = {isa = PBXBuildFile; fileRef = D00CE3D21CAD836C00C30686 /* CoreLocation.framework */; };
		D00CE3D51CAD84E700C30686 /* CoreBluetooth.framework in Frameworks */ = {isa = PBXBuildFile; fileRef = D00CE3D41CAD84E700C30686 /* CoreBluetooth.framework */; };
		D00CE3D71CADA08C00C30686 /* Settings.bundle in Resources */ = {isa = PBXBuildFile; fileRef = D00CE3D61CADA08C00C30686 /* Settings.bundle */; };
		D0388D601CB4220100837B50 /* Acuminous.m in Sources */ = {isa = PBXBuildFile; fileRef = D0388D5F1CB4220100837B50 /* Acuminous.m */; };
		D0388D621CB4239A00837B50 /* Acuminous.plist in Resources */ = {isa = PBXBuildFile; fileRef = D0388D611CB4239A00837B50 /* Acuminous.plist */; };
		D04FF4DA1CB1C10E00FF2A3F /* MapKit.framework in Frameworks */ = {isa = PBXBuildFile; fileRef = D04FF4D91CB1C10E00FF2A3F /* MapKit.framework */; };
		D05111A11CAED96B00D6D3A4 /* TransmitViewController.m in Sources */ = {isa = PBXBuildFile; fileRef = D05111A01CAED96B00D6D3A4 /* TransmitViewController.m */; };
		D0A500221CB05B3C00979ABA /* DetectTableViewController.m in Sources */ = {isa = PBXBuildFile; fileRef = D0A500211CB05B3C00979ABA /* DetectTableViewController.m */; };
		F12B2FC4BB610762E96BA8DF /* libPods-Beacon Toolkit.a in Frameworks */ = {isa = PBXBuildFile; fileRef = 2C3B20FD17158412D6ECAB25 /* libPods-Beacon Toolkit.a */; };
/* End PBXBuildFile section */

/* Begin PBXContainerItemProxy section */
		D00CE3B61CAD82B800C30686 /* PBXContainerItemProxy */ = {
			isa = PBXContainerItemProxy;
			containerPortal = D00CE3911CAD82B700C30686 /* Project object */;
			proxyType = 1;
			remoteGlobalIDString = D00CE3981CAD82B800C30686;
			remoteInfo = "Beacon Toolkit";
		};
		D00CE3C11CAD82B800C30686 /* PBXContainerItemProxy */ = {
			isa = PBXContainerItemProxy;
			containerPortal = D00CE3911CAD82B700C30686 /* Project object */;
			proxyType = 1;
			remoteGlobalIDString = D00CE3981CAD82B800C30686;
			remoteInfo = "Beacon Toolkit";
		};
/* End PBXContainerItemProxy section */

/* Begin PBXFileReference section */
		2C3B20FD17158412D6ECAB25 /* libPods-Beacon Toolkit.a */ = {isa = PBXFileReference; explicitFileType = archive.ar; includeInIndex = 0; path = "libPods-Beacon Toolkit.a"; sourceTree = BUILT_PRODUCTS_DIR; };
		53E2C876A968BB2E5F9514B6 /* Pods-Beacon Toolkit.release.xcconfig */ = {isa = PBXFileReference; includeInIndex = 1; lastKnownFileType = text.xcconfig; name = "Pods-Beacon Toolkit.release.xcconfig"; path = "Pods/Target Support Files/Pods-Beacon Toolkit/Pods-Beacon Toolkit.release.xcconfig"; sourceTree = "<group>"; };
		5A0B29AD84BB1A5112352074 /* Pods-Beacon Toolkit.debug.xcconfig */ = {isa = PBXFileReference; includeInIndex = 1; lastKnownFileType = text.xcconfig; name = "Pods-Beacon Toolkit.debug.xcconfig"; path = "Pods/Target Support Files/Pods-Beacon Toolkit/Pods-Beacon Toolkit.debug.xcconfig"; sourceTree = "<group>"; };
		D00CE3991CAD82B800C30686 /* Beacon Toolkit.app */ = {isa = PBXFileReference; explicitFileType = wrapper.application; includeInIndex = 0; path = "Beacon Toolkit.app"; sourceTree = BUILT_PRODUCTS_DIR; };
		D00CE39D1CAD82B800C30686 /* main.m */ = {isa = PBXFileReference; lastKnownFileType = sourcecode.c.objc; path = main.m; sourceTree = "<group>"; };
		D00CE39F1CAD82B800C30686 /* AppDelegate.h */ = {isa = PBXFileReference; lastKnownFileType = sourcecode.c.h; path = AppDelegate.h; sourceTree = "<group>"; };
		D00CE3A01CAD82B800C30686 /* AppDelegate.m */ = {isa = PBXFileReference; lastKnownFileType = sourcecode.c.objc; path = AppDelegate.m; sourceTree = "<group>"; };
		D00CE3A21CAD82B800C30686 /* DetectViewController.h */ = {isa = PBXFileReference; lastKnownFileType = sourcecode.c.h; path = DetectViewController.h; sourceTree = "<group>"; };
		D00CE3A31CAD82B800C30686 /* DetectViewController.m */ = {isa = PBXFileReference; lastKnownFileType = sourcecode.c.objc; path = DetectViewController.m; sourceTree = "<group>"; };
		D00CE3A61CAD82B800C30686 /* Base */ = {isa = PBXFileReference; lastKnownFileType = file.storyboard; name = Base; path = Base.lproj/Main.storyboard; sourceTree = "<group>"; };
		D00CE3A91CAD82B800C30686 /* Beacon_Toolkit.xcdatamodel */ = {isa = PBXFileReference; lastKnownFileType = wrapper.xcdatamodel; path = Beacon_Toolkit.xcdatamodel; sourceTree = "<group>"; };
		D00CE3AB1CAD82B800C30686 /* Assets.xcassets */ = {isa = PBXFileReference; lastKnownFileType = folder.assetcatalog; path = Assets.xcassets; sourceTree = "<group>"; };
		D00CE3AE1CAD82B800C30686 /* Base */ = {isa = PBXFileReference; lastKnownFileType = file.storyboard; name = Base; path = Base.lproj/LaunchScreen.storyboard; sourceTree = "<group>"; };
		D00CE3B01CAD82B800C30686 /* Info.plist */ = {isa = PBXFileReference; lastKnownFileType = text.plist.xml; path = Info.plist; sourceTree = "<group>"; };
		D00CE3B51CAD82B800C30686 /* Beacon ToolkitTests.xctest */ = {isa = PBXFileReference; explicitFileType = wrapper.cfbundle; includeInIndex = 0; path = "Beacon ToolkitTests.xctest"; sourceTree = BUILT_PRODUCTS_DIR; };
		D00CE3B91CAD82B800C30686 /* Beacon_ToolkitTests.m */ = {isa = PBXFileReference; lastKnownFileType = sourcecode.c.objc; path = Beacon_ToolkitTests.m; sourceTree = "<group>"; };
		D00CE3BB1CAD82B800C30686 /* Info.plist */ = {isa = PBXFileReference; lastKnownFileType = text.plist.xml; path = Info.plist; sourceTree = "<group>"; };
		D00CE3C01CAD82B800C30686 /* Beacon ToolkitUITests.xctest */ = {isa = PBXFileReference; explicitFileType = wrapper.cfbundle; includeInIndex = 0; path = "Beacon ToolkitUITests.xctest"; sourceTree = BUILT_PRODUCTS_DIR; };
		D00CE3C41CAD82B800C30686 /* Beacon_ToolkitUITests.m */ = {isa = PBXFileReference; lastKnownFileType = sourcecode.c.objc; path = Beacon_ToolkitUITests.m; sourceTree = "<group>"; };
		D00CE3C61CAD82B800C30686 /* Info.plist */ = {isa = PBXFileReference; lastKnownFileType = text.plist.xml; path = Info.plist; sourceTree = "<group>"; };
		D00CE3D21CAD836C00C30686 /* CoreLocation.framework */ = {isa = PBXFileReference; lastKnownFileType = wrapper.framework; name = CoreLocation.framework; path = System/Library/Frameworks/CoreLocation.framework; sourceTree = SDKROOT; };
		D00CE3D41CAD84E700C30686 /* CoreBluetooth.framework */ = {isa = PBXFileReference; lastKnownFileType = wrapper.framework; name = CoreBluetooth.framework; path = System/Library/Frameworks/CoreBluetooth.framework; sourceTree = SDKROOT; };
		D00CE3D61CADA08C00C30686 /* Settings.bundle */ = {isa = PBXFileReference; lastKnownFileType = "wrapper.plug-in"; path = Settings.bundle; sourceTree = "<group>"; };
		D0388D5E1CB4220100837B50 /* Acuminous.h */ = {isa = PBXFileReference; fileEncoding = 4; lastKnownFileType = sourcecode.c.h; path = Acuminous.h; sourceTree = "<group>"; };
		D0388D5F1CB4220100837B50 /* Acuminous.m */ = {isa = PBXFileReference; fileEncoding = 4; lastKnownFileType = sourcecode.c.objc; path = Acuminous.m; sourceTree = "<group>"; };
		D0388D611CB4239A00837B50 /* Acuminous.plist */ = {isa = PBXFileReference; fileEncoding = 4; lastKnownFileType = text.plist.xml; path = Acuminous.plist; sourceTree = "<group>"; };
		D04FF4D91CB1C10E00FF2A3F /* MapKit.framework */ = {isa = PBXFileReference; lastKnownFileType = wrapper.framework; name = MapKit.framework; path = System/Library/Frameworks/MapKit.framework; sourceTree = SDKROOT; };
		D051119F1CAED96B00D6D3A4 /* TransmitViewController.h */ = {isa = PBXFileReference; fileEncoding = 4; lastKnownFileType = sourcecode.c.h; path = TransmitViewController.h; sourceTree = "<group>"; };
		D05111A01CAED96B00D6D3A4 /* TransmitViewController.m */ = {isa = PBXFileReference; fileEncoding = 4; lastKnownFileType = sourcecode.c.objc; path = TransmitViewController.m; sourceTree = "<group>"; };
		D0A500201CB05B3C00979ABA /* DetectTableViewController.h */ = {isa = PBXFileReference; fileEncoding = 4; lastKnownFileType = sourcecode.c.h; path = DetectTableViewController.h; sourceTree = "<group>"; };
		D0A500211CB05B3C00979ABA /* DetectTableViewController.m */ = {isa = PBXFileReference; fileEncoding = 4; lastKnownFileType = sourcecode.c.objc; path = DetectTableViewController.m; sourceTree = "<group>"; };
/* End PBXFileReference section */

/* Begin PBXFrameworksBuildPhase section */
		D00CE3961CAD82B800C30686 /* Frameworks */ = {
			isa = PBXFrameworksBuildPhase;
			buildActionMask = 2147483647;
			files = (
				D00CE3D51CAD84E700C30686 /* CoreBluetooth.framework in Frameworks */,
				D04FF4DA1CB1C10E00FF2A3F /* MapKit.framework in Frameworks */,
				D00CE3D31CAD836C00C30686 /* CoreLocation.framework in Frameworks */,
				F12B2FC4BB610762E96BA8DF /* libPods-Beacon Toolkit.a in Frameworks */,
			);
			runOnlyForDeploymentPostprocessing = 0;
		};
		D00CE3B21CAD82B800C30686 /* Frameworks */ = {
			isa = PBXFrameworksBuildPhase;
			buildActionMask = 2147483647;
			files = (
			);
			runOnlyForDeploymentPostprocessing = 0;
		};
		D00CE3BD1CAD82B800C30686 /* Frameworks */ = {
			isa = PBXFrameworksBuildPhase;
			buildActionMask = 2147483647;
			files = (
			);
			runOnlyForDeploymentPostprocessing = 0;
		};
/* End PBXFrameworksBuildPhase section */

/* Begin PBXGroup section */
		D00CE3901CAD82B700C30686 = {
			isa = PBXGroup;
			children = (
				D00CE39B1CAD82B800C30686 /* Beacon Toolkit */,
				D00CE3B81CAD82B800C30686 /* Beacon ToolkitTests */,
				D00CE3C31CAD82B800C30686 /* Beacon ToolkitUITests */,
				D00CE3DB1CADCAC800C30686 /* Frameworks */,
				D00CE39A1CAD82B800C30686 /* Products */,
				D1470D6F63E9B4646A66535F /* Pods */,
			);
			sourceTree = "<group>";
		};
		D00CE39A1CAD82B800C30686 /* Products */ = {
			isa = PBXGroup;
			children = (
				D00CE3991CAD82B800C30686 /* Beacon Toolkit.app */,
				D00CE3B51CAD82B800C30686 /* Beacon ToolkitTests.xctest */,
				D00CE3C01CAD82B800C30686 /* Beacon ToolkitUITests.xctest */,
			);
			name = Products;
			sourceTree = "<group>";
		};
		D00CE39B1CAD82B800C30686 /* Beacon Toolkit */ = {
			isa = PBXGroup;
			children = (
				D0388D5C1CB421A800837B50 /* Controllers */,
				D00CE39F1CAD82B800C30686 /* AppDelegate.h */,
				D00CE3A01CAD82B800C30686 /* AppDelegate.m */,
				D00CE3A51CAD82B800C30686 /* Main.storyboard */,
				D00CE3AB1CAD82B800C30686 /* Assets.xcassets */,
				D00CE3AD1CAD82B800C30686 /* LaunchScreen.storyboard */,
				D00CE3B01CAD82B800C30686 /* Info.plist */,
				D00CE3A81CAD82B800C30686 /* Beacon_Toolkit.xcdatamodeld */,
				D00CE39C1CAD82B800C30686 /* Supporting Files */,
				D00CE3D61CADA08C00C30686 /* Settings.bundle */,
				D0388D5D1CB421BF00837B50 /* Utils */,
			);
			path = "Beacon Toolkit";
			sourceTree = "<group>";
		};
		D00CE39C1CAD82B800C30686 /* Supporting Files */ = {
			isa = PBXGroup;
			children = (
				D00CE39D1CAD82B800C30686 /* main.m */,
			);
			name = "Supporting Files";
			sourceTree = "<group>";
		};
		D00CE3B81CAD82B800C30686 /* Beacon ToolkitTests */ = {
			isa = PBXGroup;
			children = (
				D00CE3B91CAD82B800C30686 /* Beacon_ToolkitTests.m */,
				D00CE3BB1CAD82B800C30686 /* Info.plist */,
			);
			path = "Beacon ToolkitTests";
			sourceTree = "<group>";
		};
		D00CE3C31CAD82B800C30686 /* Beacon ToolkitUITests */ = {
			isa = PBXGroup;
			children = (
				D00CE3C41CAD82B800C30686 /* Beacon_ToolkitUITests.m */,
				D00CE3C61CAD82B800C30686 /* Info.plist */,
			);
			path = "Beacon ToolkitUITests";
			sourceTree = "<group>";
		};
		D00CE3DB1CADCAC800C30686 /* Frameworks */ = {
			isa = PBXGroup;
			children = (
				D04FF4D91CB1C10E00FF2A3F /* MapKit.framework */,
				D00CE3D41CAD84E700C30686 /* CoreBluetooth.framework */,
				D00CE3D21CAD836C00C30686 /* CoreLocation.framework */,
				2C3B20FD17158412D6ECAB25 /* libPods-Beacon Toolkit.a */,
			);
			name = Frameworks;
			sourceTree = "<group>";
		};
		D0388D5C1CB421A800837B50 /* Controllers */ = {
			isa = PBXGroup;
			children = (
				D0A500201CB05B3C00979ABA /* DetectTableViewController.h */,
				D0A500211CB05B3C00979ABA /* DetectTableViewController.m */,
				D00CE3A21CAD82B800C30686 /* DetectViewController.h */,
				D00CE3A31CAD82B800C30686 /* DetectViewController.m */,
				D051119F1CAED96B00D6D3A4 /* TransmitViewController.h */,
				D05111A01CAED96B00D6D3A4 /* TransmitViewController.m */,
			);
			name = Controllers;
			sourceTree = "<group>";
		};
		D0388D5D1CB421BF00837B50 /* Utils */ = {
			isa = PBXGroup;
			children = (
				D0388D611CB4239A00837B50 /* Acuminous.plist */,
				D0388D5E1CB4220100837B50 /* Acuminous.h */,
				D0388D5F1CB4220100837B50 /* Acuminous.m */,
			);
			name = Utils;
			sourceTree = "<group>";
		};
		D1470D6F63E9B4646A66535F /* Pods */ = {
			isa = PBXGroup;
			children = (
				5A0B29AD84BB1A5112352074 /* Pods-Beacon Toolkit.debug.xcconfig */,
				53E2C876A968BB2E5F9514B6 /* Pods-Beacon Toolkit.release.xcconfig */,
			);
			name = Pods;
			sourceTree = "<group>";
		};
/* End PBXGroup section */

/* Begin PBXNativeTarget section */
		D00CE3981CAD82B800C30686 /* Beacon Toolkit */ = {
			isa = PBXNativeTarget;
			buildConfigurationList = D00CE3C91CAD82B800C30686 /* Build configuration list for PBXNativeTarget "Beacon Toolkit" */;
			buildPhases = (
				457A3275D9080607B06B6697 /* Check Pods Manifest.lock */,
				D00CE3951CAD82B800C30686 /* Sources */,
				D00CE3961CAD82B800C30686 /* Frameworks */,
				D00CE3971CAD82B800C30686 /* Resources */,
				02EFA241647812F8F2E4A8B4 /* Embed Pods Frameworks */,
				2A16247DDB5C7D62BD94082D /* Copy Pods Resources */,
			);
			buildRules = (
			);
			dependencies = (
			);
			name = "Beacon Toolkit";
			productName = "Beacon Toolkit";
			productReference = D00CE3991CAD82B800C30686 /* Beacon Toolkit.app */;
			productType = "com.apple.product-type.application";
		};
		D00CE3B41CAD82B800C30686 /* Beacon ToolkitTests */ = {
			isa = PBXNativeTarget;
			buildConfigurationList = D00CE3CC1CAD82B800C30686 /* Build configuration list for PBXNativeTarget "Beacon ToolkitTests" */;
			buildPhases = (
				D00CE3B11CAD82B800C30686 /* Sources */,
				D00CE3B21CAD82B800C30686 /* Frameworks */,
				D00CE3B31CAD82B800C30686 /* Resources */,
			);
			buildRules = (
			);
			dependencies = (
				D00CE3B71CAD82B800C30686 /* PBXTargetDependency */,
			);
			name = "Beacon ToolkitTests";
			productName = "Beacon ToolkitTests";
			productReference = D00CE3B51CAD82B800C30686 /* Beacon ToolkitTests.xctest */;
			productType = "com.apple.product-type.bundle.unit-test";
		};
		D00CE3BF1CAD82B800C30686 /* Beacon ToolkitUITests */ = {
			isa = PBXNativeTarget;
			buildConfigurationList = D00CE3CF1CAD82B800C30686 /* Build configuration list for PBXNativeTarget "Beacon ToolkitUITests" */;
			buildPhases = (
				D00CE3BC1CAD82B800C30686 /* Sources */,
				D00CE3BD1CAD82B800C30686 /* Frameworks */,
				D00CE3BE1CAD82B800C30686 /* Resources */,
			);
			buildRules = (
			);
			dependencies = (
				D00CE3C21CAD82B800C30686 /* PBXTargetDependency */,
			);
			name = "Beacon ToolkitUITests";
			productName = "Beacon ToolkitUITests";
			productReference = D00CE3C01CAD82B800C30686 /* Beacon ToolkitUITests.xctest */;
			productType = "com.apple.product-type.bundle.ui-testing";
		};
/* End PBXNativeTarget section */

/* Begin PBXProject section */
		D00CE3911CAD82B700C30686 /* Project object */ = {
			isa = PBXProject;
			attributes = {
				LastUpgradeCheck = 0730;
				ORGANIZATIONNAME = "Southern Made Co";
				TargetAttributes = {
					D00CE3981CAD82B800C30686 = {
						CreatedOnToolsVersion = 7.3;
						DevelopmentTeam = NFRDZM8379;
						SystemCapabilities = {
							com.apple.Maps.iOS = {
								enabled = 1;
							};
						};
					};
					D00CE3B41CAD82B800C30686 = {
						CreatedOnToolsVersion = 7.3;
						TestTargetID = D00CE3981CAD82B800C30686;
					};
					D00CE3BF1CAD82B800C30686 = {
						CreatedOnToolsVersion = 7.3;
						TestTargetID = D00CE3981CAD82B800C30686;
					};
				};
			};
			buildConfigurationList = D00CE3941CAD82B700C30686 /* Build configuration list for PBXProject "Beacon Toolkit" */;
			compatibilityVersion = "Xcode 3.2";
			developmentRegion = English;
			hasScannedForEncodings = 0;
			knownRegions = (
				en,
				Base,
			);
			mainGroup = D00CE3901CAD82B700C30686;
			productRefGroup = D00CE39A1CAD82B800C30686 /* Products */;
			projectDirPath = "";
			projectRoot = "";
			targets = (
				D00CE3981CAD82B800C30686 /* Beacon Toolkit */,
				D00CE3B41CAD82B800C30686 /* Beacon ToolkitTests */,
				D00CE3BF1CAD82B800C30686 /* Beacon ToolkitUITests */,
			);
		};
/* End PBXProject section */

/* Begin PBXResourcesBuildPhase section */
		D00CE3971CAD82B800C30686 /* Resources */ = {
			isa = PBXResourcesBuildPhase;
			buildActionMask = 2147483647;
			files = (
				D00CE3D71CADA08C00C30686 /* Settings.bundle in Resources */,
				D00CE3AF1CAD82B800C30686 /* LaunchScreen.storyboard in Resources */,
				D00CE3AC1CAD82B800C30686 /* Assets.xcassets in Resources */,
				D00CE3A71CAD82B800C30686 /* Main.storyboard in Resources */,
				D0388D621CB4239A00837B50 /* Acuminous.plist in Resources */,
			);
			runOnlyForDeploymentPostprocessing = 0;
		};
		D00CE3B31CAD82B800C30686 /* Resources */ = {
			isa = PBXResourcesBuildPhase;
			buildActionMask = 2147483647;
			files = (
			);
			runOnlyForDeploymentPostprocessing = 0;
		};
		D00CE3BE1CAD82B800C30686 /* Resources */ = {
			isa = PBXResourcesBuildPhase;
			buildActionMask = 2147483647;
			files = (
			);
			runOnlyForDeploymentPostprocessing = 0;
		};
/* End PBXResourcesBuildPhase section */

/* Begin PBXShellScriptBuildPhase section */
		02EFA241647812F8F2E4A8B4 /* Embed Pods Frameworks */ = {
			isa = PBXShellScriptBuildPhase;
			buildActionMask = 2147483647;
			files = (
			);
			inputPaths = (
			);
			name = "Embed Pods Frameworks";
			outputPaths = (
			);
			runOnlyForDeploymentPostprocessing = 0;
			shellPath = /bin/sh;
			shellScript = "\"${SRCROOT}/Pods/Target Support Files/Pods-Beacon Toolkit/Pods-Beacon Toolkit-frameworks.sh\"\n";
			showEnvVarsInLog = 0;
		};
		2A16247DDB5C7D62BD94082D /* Copy Pods Resources */ = {
			isa = PBXShellScriptBuildPhase;
			buildActionMask = 2147483647;
			files = (
			);
			inputPaths = (
			);
			name = "Copy Pods Resources";
			outputPaths = (
			);
			runOnlyForDeploymentPostprocessing = 0;
			shellPath = /bin/sh;
			shellScript = "\"${SRCROOT}/Pods/Target Support Files/Pods-Beacon Toolkit/Pods-Beacon Toolkit-resources.sh\"\n";
			showEnvVarsInLog = 0;
		};
		457A3275D9080607B06B6697 /* Check Pods Manifest.lock */ = {
			isa = PBXShellScriptBuildPhase;
			buildActionMask = 2147483647;
			files = (
			);
			inputPaths = (
			);
			name = "Check Pods Manifest.lock";
			outputPaths = (
			);
			runOnlyForDeploymentPostprocessing = 0;
			shellPath = /bin/sh;
			shellScript = "diff \"${PODS_ROOT}/../Podfile.lock\" \"${PODS_ROOT}/Manifest.lock\" > /dev/null\nif [[ $? != 0 ]] ; then\n    cat << EOM\nerror: The sandbox is not in sync with the Podfile.lock. Run 'pod install' or update your CocoaPods installation.\nEOM\n    exit 1\nfi\n";
			showEnvVarsInLog = 0;
		};
/* End PBXShellScriptBuildPhase section */

/* Begin PBXSourcesBuildPhase section */
		D00CE3951CAD82B800C30686 /* Sources */ = {
			isa = PBXSourcesBuildPhase;
			buildActionMask = 2147483647;
			files = (
				D0A500221CB05B3C00979ABA /* DetectTableViewController.m in Sources */,
				D00CE3AA1CAD82B800C30686 /* Beacon_Toolkit.xcdatamodeld in Sources */,
				D00CE3A41CAD82B800C30686 /* DetectViewController.m in Sources */,
				D00CE3A11CAD82B800C30686 /* AppDelegate.m in Sources */,
				D0388D601CB4220100837B50 /* Acuminous.m in Sources */,
				D00CE39E1CAD82B800C30686 /* main.m in Sources */,
				D05111A11CAED96B00D6D3A4 /* TransmitViewController.m in Sources */,
			);
			runOnlyForDeploymentPostprocessing = 0;
		};
		D00CE3B11CAD82B800C30686 /* Sources */ = {
			isa = PBXSourcesBuildPhase;
			buildActionMask = 2147483647;
			files = (
				D00CE3BA1CAD82B800C30686 /* Beacon_ToolkitTests.m in Sources */,
			);
			runOnlyForDeploymentPostprocessing = 0;
		};
		D00CE3BC1CAD82B800C30686 /* Sources */ = {
			isa = PBXSourcesBuildPhase;
			buildActionMask = 2147483647;
			files = (
				D00CE3C51CAD82B800C30686 /* Beacon_ToolkitUITests.m in Sources */,
			);
			runOnlyForDeploymentPostprocessing = 0;
		};
/* End PBXSourcesBuildPhase section */

/* Begin PBXTargetDependency section */
		D00CE3B71CAD82B800C30686 /* PBXTargetDependency */ = {
			isa = PBXTargetDependency;
			target = D00CE3981CAD82B800C30686 /* Beacon Toolkit */;
			targetProxy = D00CE3B61CAD82B800C30686 /* PBXContainerItemProxy */;
		};
		D00CE3C21CAD82B800C30686 /* PBXTargetDependency */ = {
			isa = PBXTargetDependency;
			target = D00CE3981CAD82B800C30686 /* Beacon Toolkit */;
			targetProxy = D00CE3C11CAD82B800C30686 /* PBXContainerItemProxy */;
		};
/* End PBXTargetDependency section */

/* Begin PBXVariantGroup section */
		D00CE3A51CAD82B800C30686 /* Main.storyboard */ = {
			isa = PBXVariantGroup;
			children = (
				D00CE3A61CAD82B800C30686 /* Base */,
			);
			name = Main.storyboard;
			sourceTree = "<group>";
		};
		D00CE3AD1CAD82B800C30686 /* LaunchScreen.storyboard */ = {
			isa = PBXVariantGroup;
			children = (
				D00CE3AE1CAD82B800C30686 /* Base */,
			);
			name = LaunchScreen.storyboard;
			sourceTree = "<group>";
		};
/* End PBXVariantGroup section */

/* Begin XCBuildConfiguration section */
		D00CE3C71CAD82B800C30686 /* Debug */ = {
			isa = XCBuildConfiguration;
			buildSettings = {
				ALWAYS_SEARCH_USER_PATHS = NO;
				CLANG_ANALYZER_NONNULL = YES;
				CLANG_CXX_LANGUAGE_STANDARD = "gnu++0x";
				CLANG_CXX_LIBRARY = "libc++";
				CLANG_ENABLE_MODULES = YES;
				CLANG_ENABLE_OBJC_ARC = YES;
				CLANG_WARN_BOOL_CONVERSION = YES;
				CLANG_WARN_CONSTANT_CONVERSION = YES;
				CLANG_WARN_DIRECT_OBJC_ISA_USAGE = YES_ERROR;
				CLANG_WARN_EMPTY_BODY = YES;
				CLANG_WARN_ENUM_CONVERSION = YES;
				CLANG_WARN_INT_CONVERSION = YES;
				CLANG_WARN_OBJC_ROOT_CLASS = YES_ERROR;
				CLANG_WARN_UNREACHABLE_CODE = YES;
				CLANG_WARN__DUPLICATE_METHOD_MATCH = YES;
				"CODE_SIGN_IDENTITY[sdk=iphoneos*]" = "iPhone Developer";
				COPY_PHASE_STRIP = NO;
				DEBUG_INFORMATION_FORMAT = dwarf;
				ENABLE_STRICT_OBJC_MSGSEND = YES;
				ENABLE_TESTABILITY = YES;
				GCC_C_LANGUAGE_STANDARD = gnu99;
				GCC_DYNAMIC_NO_PIC = NO;
				GCC_NO_COMMON_BLOCKS = YES;
				GCC_OPTIMIZATION_LEVEL = 0;
				GCC_PREPROCESSOR_DEFINITIONS = (
					"DEBUG=1",
					"$(inherited)",
				);
				GCC_WARN_64_TO_32_BIT_CONVERSION = YES;
				GCC_WARN_ABOUT_RETURN_TYPE = YES_ERROR;
				GCC_WARN_UNDECLARED_SELECTOR = YES;
				GCC_WARN_UNINITIALIZED_AUTOS = YES_AGGRESSIVE;
				GCC_WARN_UNUSED_FUNCTION = YES;
				GCC_WARN_UNUSED_VARIABLE = YES;
				IPHONEOS_DEPLOYMENT_TARGET = 9.3;
				MTL_ENABLE_DEBUG_INFO = YES;
				ONLY_ACTIVE_ARCH = YES;
				SDKROOT = iphoneos;
				TARGETED_DEVICE_FAMILY = "1,2";
			};
			name = Debug;
		};
		D00CE3C81CAD82B800C30686 /* Release */ = {
			isa = XCBuildConfiguration;
			buildSettings = {
				ALWAYS_SEARCH_USER_PATHS = NO;
				CLANG_ANALYZER_NONNULL = YES;
				CLANG_CXX_LANGUAGE_STANDARD = "gnu++0x";
				CLANG_CXX_LIBRARY = "libc++";
				CLANG_ENABLE_MODULES = YES;
				CLANG_ENABLE_OBJC_ARC = YES;
				CLANG_WARN_BOOL_CONVERSION = YES;
				CLANG_WARN_CONSTANT_CONVERSION = YES;
				CLANG_WARN_DIRECT_OBJC_ISA_USAGE = YES_ERROR;
				CLANG_WARN_EMPTY_BODY = YES;
				CLANG_WARN_ENUM_CONVERSION = YES;
				CLANG_WARN_INT_CONVERSION = YES;
				CLANG_WARN_OBJC_ROOT_CLASS = YES_ERROR;
				CLANG_WARN_UNREACHABLE_CODE = YES;
				CLANG_WARN__DUPLICATE_METHOD_MATCH = YES;
				"CODE_SIGN_IDENTITY[sdk=iphoneos*]" = "iPhone Developer";
				COPY_PHASE_STRIP = NO;
				DEBUG_INFORMATION_FORMAT = "dwarf-with-dsym";
				ENABLE_NS_ASSERTIONS = NO;
				ENABLE_STRICT_OBJC_MSGSEND = YES;
				GCC_C_LANGUAGE_STANDARD = gnu99;
				GCC_NO_COMMON_BLOCKS = YES;
				GCC_WARN_64_TO_32_BIT_CONVERSION = YES;
				GCC_WARN_ABOUT_RETURN_TYPE = YES_ERROR;
				GCC_WARN_UNDECLARED_SELECTOR = YES;
				GCC_WARN_UNINITIALIZED_AUTOS = YES_AGGRESSIVE;
				GCC_WARN_UNUSED_FUNCTION = YES;
				GCC_WARN_UNUSED_VARIABLE = YES;
				IPHONEOS_DEPLOYMENT_TARGET = 9.3;
				MTL_ENABLE_DEBUG_INFO = NO;
				SDKROOT = iphoneos;
				TARGETED_DEVICE_FAMILY = "1,2";
				VALIDATE_PRODUCT = YES;
			};
			name = Release;
		};
		D00CE3CA1CAD82B800C30686 /* Debug */ = {
			isa = XCBuildConfiguration;
			baseConfigurationReference = 5A0B29AD84BB1A5112352074 /* Pods-Beacon Toolkit.debug.xcconfig */;
			buildSettings = {
				ASSETCATALOG_COMPILER_APPICON_NAME = AppIcon;
				CODE_SIGN_IDENTITY = "iPhone Developer";
				"CODE_SIGN_IDENTITY[sdk=iphoneos*]" = "iPhone Developer";
				INFOPLIST_FILE = "Beacon Toolkit/Info.plist";
				IPHONEOS_DEPLOYMENT_TARGET = 8.0;
				LD_RUNPATH_SEARCH_PATHS = "$(inherited) @executable_path/Frameworks";
				PRODUCT_BUNDLE_IDENTIFIER = "com.github.jramos.Beacon-Toolkit";
				PRODUCT_NAME = "$(TARGET_NAME)";
				PROVISIONING_PROFILE = "";
			};
			name = Debug;
		};
		D00CE3CB1CAD82B800C30686 /* Release */ = {
			isa = XCBuildConfiguration;
			baseConfigurationReference = 53E2C876A968BB2E5F9514B6 /* Pods-Beacon Toolkit.release.xcconfig */;
			buildSettings = {
				ASSETCATALOG_COMPILER_APPICON_NAME = AppIcon;
				CODE_SIGN_IDENTITY = "iPhone Developer";
				"CODE_SIGN_IDENTITY[sdk=iphoneos*]" = "iPhone Developer";
				INFOPLIST_FILE = "Beacon Toolkit/Info.plist";
				IPHONEOS_DEPLOYMENT_TARGET = 8.0;
				LD_RUNPATH_SEARCH_PATHS = "$(inherited) @executable_path/Frameworks";
				PRODUCT_BUNDLE_IDENTIFIER = "com.github.jramos.Beacon-Toolkit";
				PRODUCT_NAME = "$(TARGET_NAME)";
				PROVISIONING_PROFILE = "";
			};
			name = Release;
		};
		D00CE3CD1CAD82B800C30686 /* Debug */ = {
			isa = XCBuildConfiguration;
			buildSettings = {
				BUNDLE_LOADER = "$(TEST_HOST)";
				INFOPLIST_FILE = "Beacon ToolkitTests/Info.plist";
				LD_RUNPATH_SEARCH_PATHS = "$(inherited) @executable_path/Frameworks @loader_path/Frameworks";
				PRODUCT_BUNDLE_IDENTIFIER = "com.github.jramos.Beacon-ToolkitTests";
				PRODUCT_NAME = "$(TARGET_NAME)";
				TEST_HOST = "$(BUILT_PRODUCTS_DIR)/Beacon Toolkit.app/Beacon Toolkit";
			};
			name = Debug;
		};
		D00CE3CE1CAD82B800C30686 /* Release */ = {
			isa = XCBuildConfiguration;
			buildSettings = {
				BUNDLE_LOADER = "$(TEST_HOST)";
				INFOPLIST_FILE = "Beacon ToolkitTests/Info.plist";
				LD_RUNPATH_SEARCH_PATHS = "$(inherited) @executable_path/Frameworks @loader_path/Frameworks";
				PRODUCT_BUNDLE_IDENTIFIER = "com.github.jramos.Beacon-ToolkitTests";
				PRODUCT_NAME = "$(TARGET_NAME)";
				TEST_HOST = "$(BUILT_PRODUCTS_DIR)/Beacon Toolkit.app/Beacon Toolkit";
			};
			name = Release;
		};
		D00CE3D01CAD82B800C30686 /* Debug */ = {
			isa = XCBuildConfiguration;
			buildSettings = {
				INFOPLIST_FILE = "Beacon ToolkitUITests/Info.plist";
				LD_RUNPATH_SEARCH_PATHS = "$(inherited) @executable_path/Frameworks @loader_path/Frameworks";
				PRODUCT_BUNDLE_IDENTIFIER = "com.github.jramos.Beacon-ToolkitUITests";
				PRODUCT_NAME = "$(TARGET_NAME)";
				TEST_TARGET_NAME = "Beacon Toolkit";
			};
			name = Debug;
		};
		D00CE3D11CAD82B800C30686 /* Release */ = {
			isa = XCBuildConfiguration;
			buildSettings = {
				INFOPLIST_FILE = "Beacon ToolkitUITests/Info.plist";
				LD_RUNPATH_SEARCH_PATHS = "$(inherited) @executable_path/Frameworks @loader_path/Frameworks";
				PRODUCT_BUNDLE_IDENTIFIER = "com.github.jramos.Beacon-ToolkitUITests";
				PRODUCT_NAME = "$(TARGET_NAME)";
				TEST_TARGET_NAME = "Beacon Toolkit";
			};
			name = Release;
		};
/* End XCBuildConfiguration section */

/* Begin XCConfigurationList section */
		D00CE3941CAD82B700C30686 /* Build configuration list for PBXProject "Beacon Toolkit" */ = {
			isa = XCConfigurationList;
			buildConfigurations = (
				D00CE3C71CAD82B800C30686 /* Debug */,
				D00CE3C81CAD82B800C30686 /* Release */,
			);
			defaultConfigurationIsVisible = 0;
			defaultConfigurationName = Release;
		};
		D00CE3C91CAD82B800C30686 /* Build configuration list for PBXNativeTarget "Beacon Toolkit" */ = {
			isa = XCConfigurationList;
			buildConfigurations = (
				D00CE3CA1CAD82B800C30686 /* Debug */,
				D00CE3CB1CAD82B800C30686 /* Release */,
			);
			defaultConfigurationIsVisible = 0;
			defaultConfigurationName = Release;
		};
		D00CE3CC1CAD82B800C30686 /* Build configuration list for PBXNativeTarget "Beacon ToolkitTests" */ = {
			isa = XCConfigurationList;
			buildConfigurations = (
				D00CE3CD1CAD82B800C30686 /* Debug */,
				D00CE3CE1CAD82B800C30686 /* Release */,
			);
			defaultConfigurationIsVisible = 0;
			defaultConfigurationName = Release;
		};
		D00CE3CF1CAD82B800C30686 /* Build configuration list for PBXNativeTarget "Beacon ToolkitUITests" */ = {
			isa = XCConfigurationList;
			buildConfigurations = (
				D00CE3D01CAD82B800C30686 /* Debug */,
				D00CE3D11CAD82B800C30686 /* Release */,
			);
			defaultConfigurationIsVisible = 0;
			defaultConfigurationName = Release;
		};
/* End XCConfigurationList section */

/* Begin XCVersionGroup section */
		D00CE3A81CAD82B800C30686 /* Beacon_Toolkit.xcdatamodeld */ = {
			isa = XCVersionGroup;
			children = (
				D00CE3A91CAD82B800C30686 /* Beacon_Toolkit.xcdatamodel */,
			);
			currentVersion = D00CE3A91CAD82B800C30686 /* Beacon_Toolkit.xcdatamodel */;
			path = Beacon_Toolkit.xcdatamodeld;
			sourceTree = "<group>";
			versionGroupType = wrapper.xcdatamodel;
		};
/* End XCVersionGroup section */
	};
	rootObject = D00CE3911CAD82B700C30686 /* Project object */;
}
